
Microsoft Visual Studio Solution File, Format Version 12.00
# Visual Studio Version 17
VisualStudioVersion = 17.2.32602.215
MinimumVisualStudioVersion = 10.0.40219.1
Project("{9A19103F-16F7-4668-BE54-9A1E7A4F7556}") = "Utn.FirmaDigital.Backend.BussinesLogic", "Utn.FirmaDigital.Backend.BussinesLogic\Utn.FirmaDigital.Backend.BussinesLogic.csproj", "{6325862A-95D1-490B-B4C3-CAC0D3BB0EB8}"
EndProject
Project("{9A19103F-16F7-4668-BE54-9A1E7A4F7556}") = "Utn.FirmaDigital.Backend.Common", "Utn.FirmaDigital.Backend.Common\Utn.FirmaDigital.Backend.Common.csproj", "{8CDE4415-0960-402F-8509-AC1B92518E8B}"
EndProject
Project("{9A19103F-16F7-4668-BE54-9A1E7A4F7556}") = "Utn.FirmaDigital.Backend.DataAccess", "Utn.FirmaDigital.Backend.DataAccess\Utn.FirmaDigital.Backend.DataAccess.csproj", "{54CCACC3-43BE-4B2F-B260-52BA46DFCDDF}"
EndProject
Project("{9A19103F-16F7-4668-BE54-9A1E7A4F7556}") = "Utn.FirmaDigital.Backend.Utilities", "Utn.FirmaDigital.Backend.Utilities\Utn.FirmaDigital.Backend.Utilities.csproj", "{C04311A3-F403-40D3-9B34-C2FA6704C02B}"
EndProject
Project("{9A19103F-16F7-4668-BE54-9A1E7A4F7556}") = "Utn.FirmaDigital.Backend.Web.Api", "Utn.FirmaDigital.Backend.Web.Api\Utn.FirmaDigital.Backend.Web.Api.csproj", "{713894B6-3E45-453A-ADCA-AD96A03F9D4D}"
EndProject
Global
	GlobalSection(SolutionConfigurationPlatforms) = preSolution
		Debug|Any CPU = Debug|Any CPU
		Release|Any CPU = Release|Any CPU
	EndGlobalSection
	GlobalSection(ProjectConfigurationPlatforms) = postSolution
		{6325862A-95D1-490B-B4C3-CAC0D3BB0EB8}.Debug|Any CPU.ActiveCfg = Debug|Any CPU
		{6325862A-95D1-490B-B4C3-CAC0D3BB0EB8}.Debug|Any CPU.Build.0 = Debug|Any CPU
		{6325862A-95D1-490B-B4C3-CAC0D3BB0EB8}.Release|Any CPU.ActiveCfg = Release|Any CPU
		{6325862A-95D1-490B-B4C3-CAC0D3BB0EB8}.Release|Any CPU.Build.0 = Release|Any CPU
		{8CDE4415-0960-402F-8509-AC1B92518E8B}.Debug|Any CPU.ActiveCfg = Debug|Any CPU
		{8CDE4415-0960-402F-8509-AC1B92518E8B}.Debug|Any CPU.Build.0 = Debug|Any CPU
		{8CDE4415-0960-402F-8509-AC1B92518E8B}.Release|Any CPU.ActiveCfg = Release|Any CPU
		{8CDE4415-0960-402F-8509-AC1B92518E8B}.Release|Any CPU.Build.0 = Release|Any CPU
		{54CCACC3-43BE-4B2F-B260-52BA46DFCDDF}.Debug|Any CPU.ActiveCfg = Debug|Any CPU
		{54CCACC3-43BE-4B2F-B260-52BA46DFCDDF}.Debug|Any CPU.Build.0 = Debug|Any CPU
		{54CCACC3-43BE-4B2F-B260-52BA46DFCDDF}.Release|Any CPU.ActiveCfg = Release|Any CPU
		{54CCACC3-43BE-4B2F-B260-52BA46DFCDDF}.Release|Any CPU.Build.0 = Release|Any CPU
		{C04311A3-F403-40D3-9B34-C2FA6704C02B}.Debug|Any CPU.ActiveCfg = Debug|Any CPU
		{C04311A3-F403-40D3-9B34-C2FA6704C02B}.Debug|Any CPU.Build.0 = Debug|Any CPU
		{C04311A3-F403-40D3-9B34-C2FA6704C02B}.Release|Any CPU.ActiveCfg = Release|Any CPU
		{C04311A3-F403-40D3-9B34-C2FA6704C02B}.Release|Any CPU.Build.0 = Release|Any CPU
		{713894B6-3E45-453A-ADCA-AD96A03F9D4D}.Debug|Any CPU.ActiveCfg = Debug|Any CPU
		{713894B6-3E45-453A-ADCA-AD96A03F9D4D}.Debug|Any CPU.Build.0 = Debug|Any CPU
		{713894B6-3E45-453A-ADCA-AD96A03F9D4D}.Release|Any CPU.ActiveCfg = Release|Any CPU
		{713894B6-3E45-453A-ADCA-AD96A03F9D4D}.Release|Any CPU.Build.0 = Release|Any CPU
	EndGlobalSection
	GlobalSection(SolutionProperties) = preSolution
		HideSolutionNode = FALSE
	EndGlobalSection
	GlobalSection(ExtensibilityGlobals) = postSolution
		SolutionGuid = {77A6C53C-9385-4EFC-B599-DE86D3E9C446}
	EndGlobalSection
EndGlobal
